SITE
  remote: https://supermarket.getchef.com/api/v1
  specs:
    apt (2.7.0)
    build-essential (2.2.3)
    chef-sugar (3.1.0)
    chef_handler (1.1.8)
    database (4.0.6)
      postgresql (>= 1.0.0)
    dmg (2.2.2)
    git (4.2.2)
      build-essential (>= 0.0.0)
      dmg (>= 0.0.0)
      windows (>= 0.0.0)
      yum-epel (>= 0.0.0)
    iptables (1.0.0)
    mysql (6.0.22)
      smf (>= 0.0.0)
      yum-mysql-community (>= 0.0.0)
    openssh (1.4.0)
      iptables (>= 0.0.0)
    openssl (4.0.0)
      chef-sugar (>= 0.0.0)
    partial_search (1.0.8)
    postgresql (3.4.18)
      apt (>= 1.9.0)
      build-essential (>= 0.0.0)
      openssl (~> 4.0.0)
    rbac (1.0.3)
    smf (2.2.6)
      rbac (>= 1.0.1)
    ssh_known_hosts (2.0.0)
      partial_search (>= 0.0.0)
    users (1.8.2)
    windows (1.37.0)
      chef_handler (>= 0.0.0)
    yum (3.6.0)
    yum-epel (0.6.0)
      yum (~> 3.0)
    yum-mysql-community (0.1.17)
      yum (>= 3.0)
    zsh (1.0.1)

DEPENDENCIES
  apt (>= 0)
  build-essential (>= 0)
  database (>= 0)
  git (>= 0)
  mysql (>= 0)
  openssh (>= 0)
  postgresql (>= 0)
  ssh_known_hosts (>= 0)
  users (>= 0)
  zsh (>= 0)

